// !$*UTF8*$!
{
	archiveVersion = 1;
	classes = {
	};
	objectVersion = 51;
	objects = {

/* Begin PBXBuildFile section */
		2616A7C2243FF51400DB02CC /* LoggedActivityListener_deprecated.swift in Sources */ = {isa = PBXBuildFile; fileRef = 2616A7C1243FF51400DB02CC /* LoggedActivityListener_deprecated.swift */; };
		2616A7C4244001E700DB02CC /* Extensions.swift in Sources */ = {isa = PBXBuildFile; fileRef = 2616A7C3244001E700DB02CC /* Extensions.swift */; };
		2616A7C6244005BB00DB02CC /* FUser_deprecated.swift in Sources */ = {isa = PBXBuildFile; fileRef = 2616A7C5244005BB00DB02CC /* FUser_deprecated.swift */; };
		2616A7C82440207800DB02CC /* Goals.swift in Sources */ = {isa = PBXBuildFile; fileRef = 2616A7C72440207800DB02CC /* Goals.swift */; };
		263FDE16243ED8840014A69D /* FirebaseReference.swift in Sources */ = {isa = PBXBuildFile; fileRef = 263FDE15243ED8840014A69D /* FirebaseReference.swift */; };
		263FDE18243ED97E0014A69D /* Constants.swift in Sources */ = {isa = PBXBuildFile; fileRef = 263FDE17243ED97E0014A69D /* Constants.swift */; };
		263FDE1B243EE3DD0014A69D /* Activity.swift in Sources */ = {isa = PBXBuildFile; fileRef = 263FDE1A243EE3DD0014A69D /* Activity.swift */; };
		263FDE1D243EE4DA0014A69D /* ActivityRow.swift in Sources */ = {isa = PBXBuildFile; fileRef = 263FDE1C243EE4DA0014A69D /* ActivityRow.swift */; };
		263FDE1F243EF5580014A69D /* ActivityTabView.swift in Sources */ = {isa = PBXBuildFile; fileRef = 263FDE1E243EF5580014A69D /* ActivityTabView.swift */; };
		263FDE21243EF65F0014A69D /* ActivityListener_deprecated.swift in Sources */ = {isa = PBXBuildFile; fileRef = 263FDE20243EF65F0014A69D /* ActivityListener_deprecated.swift */; };
		263FDE24243EFB010014A69D /* ActivityDetail.swift in Sources */ = {isa = PBXBuildFile; fileRef = 263FDE23243EFB010014A69D /* ActivityDetail.swift */; };
		263FDE26243F00C30014A69D /* LoggedActivity.swift in Sources */ = {isa = PBXBuildFile; fileRef = 263FDE25243F00C30014A69D /* LoggedActivity.swift */; };
		265D8E60243CEC9A008B1E03 /* AppDelegate.swift in Sources */ = {isa = PBXBuildFile; fileRef = 265D8E5F243CEC9A008B1E03 /* AppDelegate.swift */; };
		265D8E62243CEC9A008B1E03 /* SceneDelegate.swift in Sources */ = {isa = PBXBuildFile; fileRef = 265D8E61243CEC9A008B1E03 /* SceneDelegate.swift */; };
		265D8E64243CEC9A008B1E03 /* ContentView.swift in Sources */ = {isa = PBXBuildFile; fileRef = 265D8E63243CEC9A008B1E03 /* ContentView.swift */; };
		265D8E66243CEC9D008B1E03 /* Assets.xcassets in Resources */ = {isa = PBXBuildFile; fileRef = 265D8E65243CEC9D008B1E03 /* Assets.xcassets */; };
		265D8E69243CEC9D008B1E03 /* Preview Assets.xcassets in Resources */ = {isa = PBXBuildFile; fileRef = 265D8E68243CEC9D008B1E03 /* Preview Assets.xcassets */; };
		265D8E6C243CEC9D008B1E03 /* LaunchScreen.storyboard in Resources */ = {isa = PBXBuildFile; fileRef = 265D8E6A243CEC9D008B1E03 /* LaunchScreen.storyboard */; };
		265D8E74243CEF1B008B1E03 /* GoogleService-Info.plist in Resources */ = {isa = PBXBuildFile; fileRef = 265D8E73243CEF1B008B1E03 /* GoogleService-Info.plist */; };
		2667A03B2474D72D00831DD4 /* FUser.swift in Sources */ = {isa = PBXBuildFile; fileRef = 2667A03A2474D72D00831DD4 /* FUser.swift */; };
		2667A03D2474DE8F00831DD4 /* UserOnboardingView.swift in Sources */ = {isa = PBXBuildFile; fileRef = 2667A03C2474DE8F00831DD4 /* UserOnboardingView.swift */; };
		2667A03F2474F9BF00831DD4 /* NotificationHandler.swift in Sources */ = {isa = PBXBuildFile; fileRef = 2667A03E2474F9BF00831DD4 /* NotificationHandler.swift */; };
		266E1934246B14810012DF00 /* GoalsListener.swift in Sources */ = {isa = PBXBuildFile; fileRef = 266E1933246B14810012DF00 /* GoalsListener.swift */; };
		269AFE8A244952100041F42C /* ProgressCircle.swift in Sources */ = {isa = PBXBuildFile; fileRef = 269AFE89244952100041F42C /* ProgressCircle.swift */; };
		269AFE8C244965E50041F42C /* LoggedActivityView.swift in Sources */ = {isa = PBXBuildFile; fileRef = 269AFE8B244965E50041F42C /* LoggedActivityView.swift */; };
		269AFE8E24497BB60041F42C /* LoggedActivityRow.swift in Sources */ = {isa = PBXBuildFile; fileRef = 269AFE8D24497BB60041F42C /* LoggedActivityRow.swift */; };
		269AFE90244983730041F42C /* SettingsView.swift in Sources */ = {isa = PBXBuildFile; fileRef = 269AFE8F244983730041F42C /* SettingsView.swift */; };
		26AD5071243D7C6D00FAC9CB /* SessionStore.swift in Sources */ = {isa = PBXBuildFile; fileRef = 26AD5070243D7C6D00FAC9CB /* SessionStore.swift */; };
		26AD5075243D7DC400FAC9CB /* UserModel.swift in Sources */ = {isa = PBXBuildFile; fileRef = 26AD5074243D7DC400FAC9CB /* UserModel.swift */; };
		26AD5077243D834800FAC9CB /* AuthView.swift in Sources */ = {isa = PBXBuildFile; fileRef = 26AD5076243D834800FAC9CB /* AuthView.swift */; };
		26AD507B243D919200FAC9CB /* HomeView.swift in Sources */ = {isa = PBXBuildFile; fileRef = 26AD507A243D919200FAC9CB /* HomeView.swift */; };
		26DD5229243E478C008A466A /* EmptyView.swift in Sources */ = {isa = PBXBuildFile; fileRef = 26DD5228243E478C008A466A /* EmptyView.swift */; };
		46E96031519E1457E3B59040 /* Pods_SourcesofStrength.framework in Frameworks */ = {isa = PBXBuildFile; fileRef = 541BCEBD56D7E8881CBD44FA /* Pods_SourcesofStrength.framework */; };
/* End PBXBuildFile section */

/* Begin PBXFileReference section */
		2616A7C1243FF51400DB02CC /* LoggedActivityListener_deprecated.swift */ = {isa = PBXFileReference; lastKnownFileType = sourcecode.swift; path = LoggedActivityListener_deprecated.swift; sourceTree = "<group>"; };
		2616A7C3244001E700DB02CC /* Extensions.swift */ = {isa = PBXFileReference; lastKnownFileType = sourcecode.swift; path = Extensions.swift; sourceTree = "<group>"; };
		2616A7C5244005BB00DB02CC /* FUser_deprecated.swift */ = {isa = PBXFileReference; lastKnownFileType = sourcecode.swift; path = FUser_deprecated.swift; sourceTree = "<group>"; };
		2616A7C72440207800DB02CC /* Goals.swift */ = {isa = PBXFileReference; lastKnownFileType = sourcecode.swift; path = Goals.swift; sourceTree = "<group>"; };
		263FDE15243ED8840014A69D /* FirebaseReference.swift */ = {isa = PBXFileReference; lastKnownFileType = sourcecode.swift; path = FirebaseReference.swift; sourceTree = "<group>"; };
		263FDE17243ED97E0014A69D /* Constants.swift */ = {isa = PBXFileReference; lastKnownFileType = sourcecode.swift; path = Constants.swift; sourceTree = "<group>"; };
		263FDE1A243EE3DD0014A69D /* Activity.swift */ = {isa = PBXFileReference; lastKnownFileType = sourcecode.swift; path = Activity.swift; sourceTree = "<group>"; };
		263FDE1C243EE4DA0014A69D /* ActivityRow.swift */ = {isa = PBXFileReference; lastKnownFileType = sourcecode.swift; path = ActivityRow.swift; sourceTree = "<group>"; };
		263FDE1E243EF5580014A69D /* ActivityTabView.swift */ = {isa = PBXFileReference; lastKnownFileType = sourcecode.swift; path = ActivityTabView.swift; sourceTree = "<group>"; };
		263FDE20243EF65F0014A69D /* ActivityListener_deprecated.swift */ = {isa = PBXFileReference; lastKnownFileType = sourcecode.swift; path = ActivityListener_deprecated.swift; sourceTree = "<group>"; };
		263FDE23243EFB010014A69D /* ActivityDetail.swift */ = {isa = PBXFileReference; lastKnownFileType = sourcecode.swift; path = ActivityDetail.swift; sourceTree = "<group>"; };
		263FDE25243F00C30014A69D /* LoggedActivity.swift */ = {isa = PBXFileReference; lastKnownFileType = sourcecode.swift; path = LoggedActivity.swift; sourceTree = "<group>"; };
		265D8E5C243CEC9A008B1E03 /* Sources.app */ = {isa = PBXFileReference; explicitFileType = wrapper.application; includeInIndex = 0; path = Sources.app; sourceTree = BUILT_PRODUCTS_DIR; };
		265D8E5F243CEC9A008B1E03 /* AppDelegate.swift */ = {isa = PBXFileReference; lastKnownFileType = sourcecode.swift; path = AppDelegate.swift; sourceTree = "<group>"; };
		265D8E61243CEC9A008B1E03 /* SceneDelegate.swift */ = {isa = PBXFileReference; lastKnownFileType = sourcecode.swift; path = SceneDelegate.swift; sourceTree = "<group>"; };
		265D8E63243CEC9A008B1E03 /* ContentView.swift */ = {isa = PBXFileReference; lastKnownFileType = sourcecode.swift; path = ContentView.swift; sourceTree = "<group>"; };
		265D8E65243CEC9D008B1E03 /* Assets.xcassets */ = {isa = PBXFileReference; lastKnownFileType = folder.assetcatalog; path = Assets.xcassets; sourceTree = "<group>"; };
		265D8E68243CEC9D008B1E03 /* Preview Assets.xcassets */ = {isa = PBXFileReference; lastKnownFileType = folder.assetcatalog; path = "Preview Assets.xcassets"; sourceTree = "<group>"; };
		265D8E6B243CEC9D008B1E03 /* Base */ = {isa = PBXFileReference; lastKnownFileType = file.storyboard; name = Base; path = Base.lproj/LaunchScreen.storyboard; sourceTree = "<group>"; };
		265D8E6D243CEC9D008B1E03 /* Info.plist */ = {isa = PBXFileReference; lastKnownFileType = text.plist.xml; path = Info.plist; sourceTree = "<group>"; };
		265D8E73243CEF1B008B1E03 /* GoogleService-Info.plist */ = {isa = PBXFileReference; fileEncoding = 4; lastKnownFileType = text.plist.xml; path = "GoogleService-Info.plist"; sourceTree = "<group>"; };
		2667A03A2474D72D00831DD4 /* FUser.swift */ = {isa = PBXFileReference; lastKnownFileType = sourcecode.swift; path = FUser.swift; sourceTree = "<group>"; };
		2667A03C2474DE8F00831DD4 /* UserOnboardingView.swift */ = {isa = PBXFileReference; lastKnownFileType = sourcecode.swift; path = UserOnboardingView.swift; sourceTree = "<group>"; };
		2667A03E2474F9BF00831DD4 /* NotificationHandler.swift */ = {isa = PBXFileReference; lastKnownFileType = sourcecode.swift; path = NotificationHandler.swift; sourceTree = "<group>"; };
		266E1933246B14810012DF00 /* GoalsListener.swift */ = {isa = PBXFileReference; lastKnownFileType = sourcecode.swift; path = GoalsListener.swift; sourceTree = "<group>"; };
		269AFE89244952100041F42C /* ProgressCircle.swift */ = {isa = PBXFileReference; lastKnownFileType = sourcecode.swift; path = ProgressCircle.swift; sourceTree = "<group>"; };
		269AFE8B244965E50041F42C /* LoggedActivityView.swift */ = {isa = PBXFileReference; lastKnownFileType = sourcecode.swift; path = LoggedActivityView.swift; sourceTree = "<group>"; };
		269AFE8D24497BB60041F42C /* LoggedActivityRow.swift */ = {isa = PBXFileReference; lastKnownFileType = sourcecode.swift; path = LoggedActivityRow.swift; sourceTree = "<group>"; };
		269AFE8F244983730041F42C /* SettingsView.swift */ = {isa = PBXFileReference; lastKnownFileType = sourcecode.swift; path = SettingsView.swift; sourceTree = "<group>"; };
		26AD5070243D7C6D00FAC9CB /* SessionStore.swift */ = {isa = PBXFileReference; lastKnownFileType = sourcecode.swift; path = SessionStore.swift; sourceTree = "<group>"; };
		26AD5074243D7DC400FAC9CB /* UserModel.swift */ = {isa = PBXFileReference; lastKnownFileType = sourcecode.swift; path = UserModel.swift; sourceTree = "<group>"; };
		26AD5076243D834800FAC9CB /* AuthView.swift */ = {isa = PBXFileReference; lastKnownFileType = sourcecode.swift; path = AuthView.swift; sourceTree = "<group>"; };
		26AD507A243D919200FAC9CB /* HomeView.swift */ = {isa = PBXFileReference; lastKnownFileType = sourcecode.swift; path = HomeView.swift; sourceTree = "<group>"; };
		26DD5228243E478C008A466A /* EmptyView.swift */ = {isa = PBXFileReference; lastKnownFileType = sourcecode.swift; path = EmptyView.swift; sourceTree = "<group>"; };
		541BCEBD56D7E8881CBD44FA /* Pods_SourcesofStrength.framework */ = {isa = PBXFileReference; explicitFileType = wrapper.framework; includeInIndex = 0; path = Pods_SourcesofStrength.framework; sourceTree = BUILT_PRODUCTS_DIR; };
		659F921A2F1F21E5B823901A /* Pods-SourcesofStrength.debug.xcconfig */ = {isa = PBXFileReference; includeInIndex = 1; lastKnownFileType = text.xcconfig; name = "Pods-SourcesofStrength.debug.xcconfig"; path = "Target Support Files/Pods-SourcesofStrength/Pods-SourcesofStrength.debug.xcconfig"; sourceTree = "<group>"; };
		7F0BD4DD981FA1B0D3B037E9 /* Pods-SourcesofStrength.release.xcconfig */ = {isa = PBXFileReference; includeInIndex = 1; lastKnownFileType = text.xcconfig; name = "Pods-SourcesofStrength.release.xcconfig"; path = "Target Support Files/Pods-SourcesofStrength/Pods-SourcesofStrength.release.xcconfig"; sourceTree = "<group>"; };
/* End PBXFileReference section */

/* Begin PBXFrameworksBuildPhase section */
		265D8E59243CEC9A008B1E03 /* Frameworks */ = {
			isa = PBXFrameworksBuildPhase;
			buildActionMask = 2147483647;
			files = (
				46E96031519E1457E3B59040 /* Pods_SourcesofStrength.framework in Frameworks */,
			);
			runOnlyForDeploymentPostprocessing = 0;
		};
/* End PBXFrameworksBuildPhase section */

/* Begin PBXGroup section */
		263FDE19243EE39E0014A69D /* Helpers */ = {
			isa = PBXGroup;
			children = (
				2616A7C72440207800DB02CC /* Goals.swift */,
				263FDE15243ED8840014A69D /* FirebaseReference.swift */,
				263FDE17243ED97E0014A69D /* Constants.swift */,
				2667A03C2474DE8F00831DD4 /* UserOnboardingView.swift */,
				2616A7C3244001E700DB02CC /* Extensions.swift */,
			);
			path = Helpers;
			sourceTree = "<group>";
		};
		263FDE22243EF66A0014A69D /* Firebase Listeners */ = {
			isa = PBXGroup;
			children = (
				263FDE20243EF65F0014A69D /* ActivityListener_deprecated.swift */,
				2616A7C1243FF51400DB02CC /* LoggedActivityListener_deprecated.swift */,
				2616A7C5244005BB00DB02CC /* FUser_deprecated.swift */,
			);
			path = "Firebase Listeners";
			sourceTree = "<group>";
		};
		265D8E53243CEC9A008B1E03 = {
			isa = PBXGroup;
			children = (
				265D8E73243CEF1B008B1E03 /* GoogleService-Info.plist */,
				265D8E5E243CEC9A008B1E03 /* SourcesofStrength */,
				265D8E5D243CEC9A008B1E03 /* Products */,
				D320A20D95A03549DB43CA92 /* Pods */,
				A45821DD448B21AB128C602A /* Frameworks */,
			);
			sourceTree = "<group>";
		};
		265D8E5D243CEC9A008B1E03 /* Products */ = {
			isa = PBXGroup;
			children = (
				265D8E5C243CEC9A008B1E03 /* Sources.app */,
			);
			name = Products;
			sourceTree = "<group>";
		};
		265D8E5E243CEC9A008B1E03 /* SourcesofStrength */ = {
			isa = PBXGroup;
			children = (
				26DD5228243E478C008A466A /* EmptyView.swift */,
				265D8E5F243CEC9A008B1E03 /* AppDelegate.swift */,
				265D8E61243CEC9A008B1E03 /* SceneDelegate.swift */,
				26AD5076243D834800FAC9CB /* AuthView.swift */,
				265D8E63243CEC9A008B1E03 /* ContentView.swift */,
				26AD507A243D919200FAC9CB /* HomeView.swift */,
				269AFE8F244983730041F42C /* SettingsView.swift */,
				269AFE89244952100041F42C /* ProgressCircle.swift */,
				263FDE1C243EE4DA0014A69D /* ActivityRow.swift */,
				269AFE8D24497BB60041F42C /* LoggedActivityRow.swift */,
				265D8E65243CEC9D008B1E03 /* Assets.xcassets */,
				265D8E6A243CEC9D008B1E03 /* LaunchScreen.storyboard */,
				265D8E6D243CEC9D008B1E03 /* Info.plist */,
				265D8E67243CEC9D008B1E03 /* Preview Content */,
				26AD5070243D7C6D00FAC9CB /* SessionStore.swift */,
				2667A03E2474F9BF00831DD4 /* NotificationHandler.swift */,
				26AD5074243D7DC400FAC9CB /* UserModel.swift */,
				2667A03A2474D72D00831DD4 /* FUser.swift */,
				263FDE19243EE39E0014A69D /* Helpers */,
				263FDE1A243EE3DD0014A69D /* Activity.swift */,
				263FDE1E243EF5580014A69D /* ActivityTabView.swift */,
				269AFE8B244965E50041F42C /* LoggedActivityView.swift */,
				263FDE23243EFB010014A69D /* ActivityDetail.swift */,
				263FDE25243F00C30014A69D /* LoggedActivity.swift */,
				266E1933246B14810012DF00 /* GoalsListener.swift */,
				263FDE22243EF66A0014A69D /* Firebase Listeners */,
			);
			path = SourcesofStrength;
			sourceTree = "<group>";
		};
		265D8E67243CEC9D008B1E03 /* Preview Content */ = {
			isa = PBXGroup;
			children = (
				265D8E68243CEC9D008B1E03 /* Preview Assets.xcassets */,
			);
			path = "Preview Content";
			sourceTree = "<group>";
		};
		A45821DD448B21AB128C602A /* Frameworks */ = {
			isa = PBXGroup;
			children = (
				541BCEBD56D7E8881CBD44FA /* Pods_SourcesofStrength.framework */,
			);
			name = Frameworks;
			sourceTree = "<group>";
		};
		D320A20D95A03549DB43CA92 /* Pods */ = {
			isa = PBXGroup;
			children = (
				659F921A2F1F21E5B823901A /* Pods-SourcesofStrength.debug.xcconfig */,
				7F0BD4DD981FA1B0D3B037E9 /* Pods-SourcesofStrength.release.xcconfig */,
			);
			path = Pods;
			sourceTree = "<group>";
		};
/* End PBXGroup section */

/* Begin PBXNativeTarget section */
		265D8E5B243CEC9A008B1E03 /* SourcesofStrength */ = {
			isa = PBXNativeTarget;
			buildConfigurationList = 265D8E70243CEC9D008B1E03 /* Build configuration list for PBXNativeTarget "SourcesofStrength" */;
			buildPhases = (
				EA8293E57BE18E7105DBB22C /* [CP] Check Pods Manifest.lock */,
				265D8E58243CEC9A008B1E03 /* Sources */,
				265D8E59243CEC9A008B1E03 /* Frameworks */,
				265D8E5A243CEC9A008B1E03 /* Resources */,
				CEEE29A8F2C5D4CB17FEC197 /* [CP] Embed Pods Frameworks */,
			);
			buildRules = (
			);
			dependencies = (
			);
			name = SourcesofStrength;
			productName = SourcesofStrength;
			productReference = 265D8E5C243CEC9A008B1E03 /* Sources.app */;
			productType = "com.apple.product-type.application";
		};
/* End PBXNativeTarget section */

/* Begin PBXProject section */
		265D8E54243CEC9A008B1E03 /* Project object */ = {
			isa = PBXProject;
			attributes = {
				LastSwiftUpdateCheck = 1140;
				LastUpgradeCheck = 1140;
				ORGANIZATIONNAME = "Berea Community Schools";
				TargetAttributes = {
					265D8E5B243CEC9A008B1E03 = {
						CreatedOnToolsVersion = 11.4;
					};
				};
			};
			buildConfigurationList = 265D8E57243CEC9A008B1E03 /* Build configuration list for PBXProject "SourcesofStrength" */;
			compatibilityVersion = "Xcode 9.3";
			developmentRegion = en;
			hasScannedForEncodings = 0;
			knownRegions = (
				en,
				Base,
			);
			mainGroup = 265D8E53243CEC9A008B1E03;
			productRefGroup = 265D8E5D243CEC9A008B1E03 /* Products */;
			projectDirPath = "";
			projectRoot = "";
			targets = (
				265D8E5B243CEC9A008B1E03 /* SourcesofStrength */,
			);
		};
/* End PBXProject section */

/* Begin PBXResourcesBuildPhase section */
		265D8E5A243CEC9A008B1E03 /* Resources */ = {
			isa = PBXResourcesBuildPhase;
			buildActionMask = 2147483647;
			files = (
				265D8E6C243CEC9D008B1E03 /* LaunchScreen.storyboard in Resources */,
				265D8E74243CEF1B008B1E03 /* GoogleService-Info.plist in Resources */,
				265D8E69243CEC9D008B1E03 /* Preview Assets.xcassets in Resources */,
				265D8E66243CEC9D008B1E03 /* Assets.xcassets in Resources */,
			);
			runOnlyForDeploymentPostprocessing = 0;
		};
/* End PBXResourcesBuildPhase section */

/* Begin PBXShellScriptBuildPhase section */
		CEEE29A8F2C5D4CB17FEC197 /* [CP] Embed Pods Frameworks */ = {
			isa = PBXShellScriptBuildPhase;
			buildActionMask = 2147483647;
			files = (
			);
			inputFileListPaths = (
				"${PODS_ROOT}/Target Support Files/Pods-SourcesofStrength/Pods-SourcesofStrength-frameworks-${CONFIGURATION}-input-files.xcfilelist",
			);
			name = "[CP] Embed Pods Frameworks";
			outputFileListPaths = (
				"${PODS_ROOT}/Target Support Files/Pods-SourcesofStrength/Pods-SourcesofStrength-frameworks-${CONFIGURATION}-output-files.xcfilelist",
			);
			runOnlyForDeploymentPostprocessing = 0;
			shellPath = /bin/sh;
			shellScript = "\"${PODS_ROOT}/Target Support Files/Pods-SourcesofStrength/Pods-SourcesofStrength-frameworks.sh\"\n";
			showEnvVarsInLog = 0;
		};
		EA8293E57BE18E7105DBB22C /* [CP] Check Pods Manifest.lock */ = {
			isa = PBXShellScriptBuildPhase;
			buildActionMask = 2147483647;
			files = (
			);
			inputFileListPaths = (
			);
			inputPaths = (
				"${PODS_PODFILE_DIR_PATH}/Podfile.lock",
				"${PODS_ROOT}/Manifest.lock",
			);
			name = "[CP] Check Pods Manifest.lock";
			outputFileListPaths = (
			);
			outputPaths = (
				"$(DERIVED_FILE_DIR)/Pods-SourcesofStrength-checkManifestLockResult.txt",
			);
			runOnlyForDeploymentPostprocessing = 0;
			shellPath = /bin/sh;
			shellScript = "diff \"${PODS_PODFILE_DIR_PATH}/Podfile.lock\" \"${PODS_ROOT}/Manifest.lock\" > /dev/null\nif [ $? != 0 ] ; then\n    # print error to STDERR\n    echo \"error: The sandbox is not in sync with the Podfile.lock. Run 'pod install' or update your CocoaPods installation.\" >&2\n    exit 1\nfi\n# This output is used by Xcode 'outputs' to avoid re-running this script phase.\necho \"SUCCESS\" > \"${SCRIPT_OUTPUT_FILE_0}\"\n";
			showEnvVarsInLog = 0;
		};
/* End PBXShellScriptBuildPhase section */

/* Begin PBXSourcesBuildPhase section */
		265D8E58243CEC9A008B1E03 /* Sources */ = {
			isa = PBXSourcesBuildPhase;
			buildActionMask = 2147483647;
			files = (
				2616A7C82440207800DB02CC /* Goals.swift in Sources */,
				263FDE16243ED8840014A69D /* FirebaseReference.swift in Sources */,
				2616A7C4244001E700DB02CC /* Extensions.swift in Sources */,
				263FDE18243ED97E0014A69D /* Constants.swift in Sources */,
				269AFE8A244952100041F42C /* ProgressCircle.swift in Sources */,
				263FDE24243EFB010014A69D /* ActivityDetail.swift in Sources */,
				26DD5229243E478C008A466A /* EmptyView.swift in Sources */,
				265D8E60243CEC9A008B1E03 /* AppDelegate.swift in Sources */,
				269AFE8E24497BB60041F42C /* LoggedActivityRow.swift in Sources */,
				2667A03F2474F9BF00831DD4 /* NotificationHandler.swift in Sources */,
				269AFE90244983730041F42C /* SettingsView.swift in Sources */,
				26AD507B243D919200FAC9CB /* HomeView.swift in Sources */,
				269AFE8C244965E50041F42C /* LoggedActivityView.swift in Sources */,
				266E1934246B14810012DF00 /* GoalsListener.swift in Sources */,
				263FDE1F243EF5580014A69D /* ActivityTabView.swift in Sources */,
				2667A03D2474DE8F00831DD4 /* UserOnboardingView.swift in Sources */,
				263FDE1D243EE4DA0014A69D /* ActivityRow.swift in Sources */,
				265D8E62243CEC9A008B1E03 /* SceneDelegate.swift in Sources */,
				263FDE1B243EE3DD0014A69D /* Activity.swift in Sources */,
				26AD5077243D834800FAC9CB /* AuthView.swift in Sources */,
				2616A7C6244005BB00DB02CC /* FUser_deprecated.swift in Sources */,
				263FDE21243EF65F0014A69D /* ActivityListener_deprecated.swift in Sources */,
				26AD5071243D7C6D00FAC9CB /* SessionStore.swift in Sources */,
				2616A7C2243FF51400DB02CC /* LoggedActivityListener_deprecated.swift in Sources */,
				26AD5075243D7DC400FAC9CB /* UserModel.swift in Sources */,
				263FDE26243F00C30014A69D /* LoggedActivity.swift in Sources */,
				265D8E64243CEC9A008B1E03 /* ContentView.swift in Sources */,
				2667A03B2474D72D00831DD4 /* FUser.swift in Sources */,
			);
			runOnlyForDeploymentPostprocessing = 0;
		};
/* End PBXSourcesBuildPhase section */

/* Begin PBXVariantGroup section */
		265D8E6A243CEC9D008B1E03 /* LaunchScreen.storyboard */ = {
			isa = PBXVariantGroup;
			children = (
				265D8E6B243CEC9D008B1E03 /* Base */,
			);
			name = LaunchScreen.storyboard;
			sourceTree = "<group>";
		};
/* End PBXVariantGroup section */

/* Begin XCBuildConfiguration section */
		265D8E6E243CEC9D008B1E03 /* Debug */ = {
			isa = XCBuildConfiguration;
			buildSettings = {
				ALWAYS_SEARCH_USER_PATHS = NO;
				CLANG_ANALYZER_NONNULL = YES;
				CLANG_ANALYZER_NUMBER_OBJECT_CONVERSION = YES_AGGRESSIVE;
				CLANG_CXX_LANGUAGE_STANDARD = "gnu++14";
				CLANG_CXX_LIBRARY = "libc++";
				CLANG_ENABLE_MODULES = YES;
				CLANG_ENABLE_OBJC_ARC = YES;
				CLANG_ENABLE_OBJC_WEAK = YES;
				CLANG_WARN_BLOCK_CAPTURE_AUTORELEASING = YES;
				CLANG_WARN_BOOL_CONVERSION = YES;
				CLANG_WARN_COMMA = YES;
				CLANG_WARN_CONSTANT_CONVERSION = YES;
				CLANG_WARN_DEPRECATED_OBJC_IMPLEMENTATIONS = YES;
				CLANG_WARN_DIRECT_OBJC_ISA_USAGE = YES_ERROR;
				CLANG_WARN_DOCUMENTATION_COMMENTS = YES;
				CLANG_WARN_EMPTY_BODY = YES;
				CLANG_WARN_ENUM_CONVERSION = YES;
				CLANG_WARN_INFINITE_RECURSION = YES;
				CLANG_WARN_INT_CONVERSION = YES;
				CLANG_WARN_NON_LITERAL_NULL_CONVERSION = YES;
				CLANG_WARN_OBJC_IMPLICIT_RETAIN_SELF = YES;
				CLANG_WARN_OBJC_LITERAL_CONVERSION = YES;
				CLANG_WARN_OBJC_ROOT_CLASS = YES_ERROR;
				CLANG_WARN_RANGE_LOOP_ANALYSIS = YES;
				CLANG_WARN_STRICT_PROTOTYPES = YES;
				CLANG_WARN_SUSPICIOUS_MOVE = YES;
				CLANG_WARN_UNGUARDED_AVAILABILITY = YES_AGGRESSIVE;
				CLANG_WARN_UNREACHABLE_CODE = YES;
				CLANG_WARN__DUPLICATE_METHOD_MATCH = YES;
				COPY_PHASE_STRIP = NO;
				DEBUG_INFORMATION_FORMAT = dwarf;
				ENABLE_STRICT_OBJC_MSGSEND = YES;
				ENABLE_TESTABILITY = YES;
				GCC_C_LANGUAGE_STANDARD = gnu11;
				GCC_DYNAMIC_NO_PIC = NO;
				GCC_NO_COMMON_BLOCKS = YES;
				GCC_OPTIMIZATION_LEVEL = 0;
				GCC_PREPROCESSOR_DEFINITIONS = (
					"DEBUG=1",
					"$(inherited)",
				);
				GCC_WARN_64_TO_32_BIT_CONVERSION = YES;
				GCC_WARN_ABOUT_RETURN_TYPE = YES_ERROR;
				GCC_WARN_UNDECLARED_SELECTOR = YES;
				GCC_WARN_UNINITIALIZED_AUTOS = YES_AGGRESSIVE;
				GCC_WARN_UNUSED_FUNCTION = YES;
				GCC_WARN_UNUSED_VARIABLE = YES;
				IPHONEOS_DEPLOYMENT_TARGET = 13.4;
				MTL_ENABLE_DEBUG_INFO = INCLUDE_SOURCE;
				MTL_FAST_MATH = YES;
				ONLY_ACTIVE_ARCH = YES;
				SDKROOT = iphoneos;
				SWIFT_ACTIVE_COMPILATION_CONDITIONS = DEBUG;
				SWIFT_OPTIMIZATION_LEVEL = "-Onone";
			};
			name = Debug;
		};
		265D8E6F243CEC9D008B1E03 /* Release */ = {
			isa = XCBuildConfiguration;
			buildSettings = {
				ALWAYS_SEARCH_USER_PATHS = NO;
				CLANG_ANALYZER_NONNULL = YES;
				CLANG_ANALYZER_NUMBER_OBJECT_CONVERSION = YES_AGGRESSIVE;
				CLANG_CXX_LANGUAGE_STANDARD = "gnu++14";
				CLANG_CXX_LIBRARY = "libc++";
				CLANG_ENABLE_MODULES = YES;
				CLANG_ENABLE_OBJC_ARC = YES;
				CLANG_ENABLE_OBJC_WEAK = YES;
				CLANG_WARN_BLOCK_CAPTURE_AUTORELEASING = YES;
				CLANG_WARN_BOOL_CONVERSION = YES;
				CLANG_WARN_COMMA = YES;
				CLANG_WARN_CONSTANT_CONVERSION = YES;
				CLANG_WARN_DEPRECATED_OBJC_IMPLEMENTATIONS = YES;
				CLANG_WARN_DIRECT_OBJC_ISA_USAGE = YES_ERROR;
				CLANG_WARN_DOCUMENTATION_COMMENTS = YES;
				CLANG_WARN_EMPTY_BODY = YES;
				CLANG_WARN_ENUM_CONVERSION = YES;
				CLANG_WARN_INFINITE_RECURSION = YES;
				CLANG_WARN_INT_CONVERSION = YES;
				CLANG_WARN_NON_LITERAL_NULL_CONVERSION = YES;
				CLANG_WARN_OBJC_IMPLICIT_RETAIN_SELF = YES;
				CLANG_WARN_OBJC_LITERAL_CONVERSION = YES;
				CLANG_WARN_OBJC_ROOT_CLASS = YES_ERROR;
				CLANG_WARN_RANGE_LOOP_ANALYSIS = YES;
				CLANG_WARN_STRICT_PROTOTYPES = YES;
				CLANG_WARN_SUSPICIOUS_MOVE = YES;
				CLANG_WARN_UNGUARDED_AVAILABILITY = YES_AGGRESSIVE;
				CLANG_WARN_UNREACHABLE_CODE = YES;
				CLANG_WARN__DUPLICATE_METHOD_MATCH = YES;
				COPY_PHASE_STRIP = NO;
				DEBUG_INFORMATION_FORMAT = "dwarf-with-dsym";
				ENABLE_NS_ASSERTIONS = NO;
				ENABLE_STRICT_OBJC_MSGSEND = YES;
				GCC_C_LANGUAGE_STANDARD = gnu11;
				GCC_NO_COMMON_BLOCKS = YES;
				GCC_WARN_64_TO_32_BIT_CONVERSION = YES;
				GCC_WARN_ABOUT_RETURN_TYPE = YES_ERROR;
				GCC_WARN_UNDECLARED_SELECTOR = YES;
				GCC_WARN_UNINITIALIZED_AUTOS = YES_AGGRESSIVE;
				GCC_WARN_UNUSED_FUNCTION = YES;
				GCC_WARN_UNUSED_VARIABLE = YES;
				IPHONEOS_DEPLOYMENT_TARGET = 13.4;
				MTL_ENABLE_DEBUG_INFO = NO;
				MTL_FAST_MATH = YES;
				SDKROOT = iphoneos;
				SWIFT_COMPILATION_MODE = wholemodule;
				SWIFT_OPTIMIZATION_LEVEL = "-O";
				VALIDATE_PRODUCT = YES;
			};
			name = Release;
		};
		265D8E71243CEC9D008B1E03 /* Debug */ = {
			isa = XCBuildConfiguration;
			baseConfigurationReference = 659F921A2F1F21E5B823901A /* Pods-SourcesofStrength.debug.xcconfig */;
			buildSettings = {
				ASSETCATALOG_COMPILER_APPICON_NAME = AppIcon;
				CODE_SIGN_STYLE = Automatic;
				DEVELOPMENT_ASSET_PATHS = "\"SourcesofStrength/Preview Content\"";
				DEVELOPMENT_TEAM = 3739MM3Z3G;
				ENABLE_PREVIEWS = YES;
				INFOPLIST_FILE = SourcesofStrength/Info.plist;
				LD_RUNPATH_SEARCH_PATHS = (
					"$(inherited)",
					"@executable_path/Frameworks",
				);
				PRODUCT_BUNDLE_IDENTIFIER = us.kyschools.berea.sources.SourcesofStrength;
				PRODUCT_NAME = Sources;
				SWIFT_VERSION = 5.0;
				TARGETED_DEVICE_FAMILY = 1;
			};
			name = Debug;
		};
		265D8E72243CEC9D008B1E03 /* Release */ = {
			isa = XCBuildConfiguration;
			baseConfigurationReference = 7F0BD4DD981FA1B0D3B037E9 /* Pods-SourcesofStrength.release.xcconfig */;
			buildSettings = {
				ASSETCATALOG_COMPILER_APPICON_NAME = AppIcon;
				CODE_SIGN_STYLE = Automatic;
				DEVELOPMENT_ASSET_PATHS = "\"SourcesofStrength/Preview Content\"";
				DEVELOPMENT_TEAM = 3739MM3Z3G;
				ENABLE_PREVIEWS = YES;
				INFOPLIST_FILE = SourcesofStrength/Info.plist;
				LD_RUNPATH_SEARCH_PATHS = (
					"$(inherited)",
					"@executable_path/Frameworks",
				);
				PRODUCT_BUNDLE_IDENTIFIER = us.kyschools.berea.sources.SourcesofStrength;
				PRODUCT_NAME = Sources;
				SWIFT_VERSION = 5.0;
				TARGETED_DEVICE_FAMILY = 1;
			};
			name = Release;
		};
/* End XCBuildConfiguration section */

/* Begin XCConfigurationList section */
		265D8E57243CEC9A008B1E03 /* Build configuration list for PBXProject "SourcesofStrength" */ = {
			isa = XCConfigurationList;
			buildConfigurations = (
				265D8E6E243CEC9D008B1E03 /* Debug */,
				265D8E6F243CEC9D008B1E03 /* Release */,
			);
			defaultConfigurationIsVisible = 0;
			defaultConfigurationName = Release;
		};
		265D8E70243CEC9D008B1E03 /* Build configuration list for PBXNativeTarget "SourcesofStrength" */ = {
			isa = XCConfigurationList;
			buildConfigurations = (
				265D8E71243CEC9D008B1E03 /* Debug */,
				265D8E72243CEC9D008B1E03 /* Release */,
			);
			defaultConfigurationIsVisible = 0;
			defaultConfigurationName = Release;
		};
/* End XCConfigurationList section */
	};
	rootObject = 265D8E54243CEC9A008B1E03 /* Project object */;
}
